{
  "name": "gitcade",
  "version": "0.0.0",
  "lockfileVersion": 3,
  "requires": true,
  "packages": {
    "": {
      "name": "gitcade",
      "version": "0.0.0",
      "license": "MIT",
      "workspaces": [
        "packages/*",
        "games/*",
        "platform/*",
        "templates/*"
      ],
      "engines": {
        "node": ">=22"
      }
    }
  }
}
